// !$*UTF8*$!
{
	archiveVersion = 1;
	classes = {
	};
	objectVersion = 77;
	objects = {

/* Begin PBXBuildFile section */
		115CE5FD2D1E099000ED678D /* Notes in Sources */ = {isa = PBXBuildFile; fileRef = 115CE5FC2D1E098C00ED678D /* Notes */; };
/* End PBXBuildFile section */

/* Begin PBXContainerItemProxy section */
		1140C2392D26E39F00E707CE /* PBXContainerItemProxy */ = {
			isa = PBXContainerItemProxy;
			containerPortal = 115CE5B32D1DFBB500ED678D /* Project object */;
			proxyType = 1;
			remoteGlobalIDString = 115CE5BA2D1DFBB500ED678D;
			remoteInfo = Devgram;
		};
		1140C32D2D273BE800E707CE /* PBXContainerItemProxy */ = {
			isa = PBXContainerItemProxy;
			containerPortal = 115CE5B32D1DFBB500ED678D /* Project object */;
			proxyType = 1;
			remoteGlobalIDString = 115CE5BA2D1DFBB500ED678D;
			remoteInfo = Devgram;
		};
/* End PBXContainerItemProxy section */

/* Begin PBXFileReference section */
		1140C2352D26E39F00E707CE /* DevgramTests.xctest */ = {isa = PBXFileReference; explicitFileType = wrapper.cfbundle; includeInIndex = 0; path = DevgramTests.xctest; sourceTree = BUILT_PRODUCTS_DIR; };
		1140C3272D273BE800E707CE /* DevgramUITests.xctest */ = {isa = PBXFileReference; explicitFileType = wrapper.cfbundle; includeInIndex = 0; path = DevgramUITests.xctest; sourceTree = BUILT_PRODUCTS_DIR; };
		115CE5BB2D1DFBB500ED678D /* Devgram.app */ = {isa = PBXFileReference; explicitFileType = wrapper.application; includeInIndex = 0; path = Devgram.app; sourceTree = BUILT_PRODUCTS_DIR; };
		115CE5FC2D1E098C00ED678D /* Notes */ = {isa = PBXFileReference; lastKnownFileType = text; path = Notes; sourceTree = "<group>"; };
/* End PBXFileReference section */

/* Begin PBXFileSystemSynchronizedRootGroup section */
		1140C2362D26E39F00E707CE /* DevgramTests */ = {
			isa = PBXFileSystemSynchronizedRootGroup;
			path = DevgramTests;
			sourceTree = "<group>";
		};
		1140C3282D273BE800E707CE /* DevgramUITests */ = {
			isa = PBXFileSystemSynchronizedRootGroup;
			path = DevgramUITests;
			sourceTree = "<group>";
		};
		115CE5BD2D1DFBB500ED678D /* Devgram */ = {
			isa = PBXFileSystemSynchronizedRootGroup;
			path = Devgram;
			sourceTree = "<group>";
		};
/* End PBXFileSystemSynchronizedRootGroup section */

/* Begin PBXFrameworksBuildPhase section */
		1140C2322D26E39F00E707CE /* Frameworks */ = {
			isa = PBXFrameworksBuildPhase;
			buildActionMask = 2147483647;
			files = (
			);
			runOnlyForDeploymentPostprocessing = 0;
		};
		1140C3242D273BE800E707CE /* Frameworks */ = {
			isa = PBXFrameworksBuildPhase;
			buildActionMask = 2147483647;
			files = (
			);
			runOnlyForDeploymentPostprocessing = 0;
		};
		115CE5B82D1DFBB500ED678D /* Frameworks */ = {
			isa = PBXFrameworksBuildPhase;
			buildActionMask = 2147483647;
			files = (
			);
			runOnlyForDeploymentPostprocessing = 0;
		};
/* End PBXFrameworksBuildPhase section */

/* Begin PBXGroup section */
		115CE5B22D1DFBB500ED678D = {
			isa = PBXGroup;
			children = (
				115CE5FC2D1E098C00ED678D /* Notes */,
				115CE5BD2D1DFBB500ED678D /* Devgram */,
				1140C2362D26E39F00E707CE /* DevgramTests */,
				1140C3282D273BE800E707CE /* DevgramUITests */,
				115CE5BC2D1DFBB500ED678D /* Products */,
			);
			sourceTree = "<group>";
		};
		115CE5BC2D1DFBB500ED678D /* Products */ = {
			isa = PBXGroup;
			children = (
				115CE5BB2D1DFBB500ED678D /* Devgram.app */,
				1140C2352D26E39F00E707CE /* DevgramTests.xctest */,
				1140C3272D273BE800E707CE /* DevgramUITests.xctest */,
			);
			name = Products;
			sourceTree = "<group>";
		};
/* End PBXGroup section */

/* Begin PBXNativeTarget section */
		1140C2342D26E39F00E707CE /* DevgramTests */ = {
			isa = PBXNativeTarget;
			buildConfigurationList = 1140C23D2D26E39F00E707CE /* Build configuration list for PBXNativeTarget "DevgramTests" */;
			buildPhases = (
				1140C2312D26E39F00E707CE /* Sources */,
				1140C2322D26E39F00E707CE /* Frameworks */,
				1140C2332D26E39F00E707CE /* Resources */,
			);
			buildRules = (
			);
			dependencies = (
				1140C23A2D26E39F00E707CE /* PBXTargetDependency */,
			);
			fileSystemSynchronizedGroups = (
				1140C2362D26E39F00E707CE /* DevgramTests */,
			);
			name = DevgramTests;
			packageProductDependencies = (
			);
			productName = DevgramTests;
			productReference = 1140C2352D26E39F00E707CE /* DevgramTests.xctest */;
			productType = "com.apple.product-type.bundle.unit-test";
		};
		1140C3262D273BE800E707CE /* DevgramUITests */ = {
			isa = PBXNativeTarget;
			buildConfigurationList = 1140C3312D273BE800E707CE /* Build configuration list for PBXNativeTarget "DevgramUITests" */;
			buildPhases = (
				1140C3232D273BE800E707CE /* Sources */,
				1140C3242D273BE800E707CE /* Frameworks */,
				1140C3252D273BE800E707CE /* Resources */,
			);
			buildRules = (
			);
			dependencies = (
				1140C32E2D273BE800E707CE /* PBXTargetDependency */,
			);
			fileSystemSynchronizedGroups = (
				1140C3282D273BE800E707CE /* DevgramUITests */,
			);
			name = DevgramUITests;
			packageProductDependencies = (
			);
			productName = DevgramUITests;
			productReference = 1140C3272D273BE800E707CE /* DevgramUITests.xctest */;
			productType = "com.apple.product-type.bundle.ui-testing";
		};
		115CE5BA2D1DFBB500ED678D /* Devgram */ = {
			isa = PBXNativeTarget;
			buildConfigurationList = 115CE5C92D1DFBB700ED678D /* Build configuration list for PBXNativeTarget "Devgram" */;
			buildPhases = (
				115CE5B72D1DFBB500ED678D /* Sources */,
				115CE5B82D1DFBB500ED678D /* Frameworks */,
				115CE5B92D1DFBB500ED678D /* Resources */,
			);
			buildRules = (
			);
			dependencies = (
			);
			fileSystemSynchronizedGroups = (
				115CE5BD2D1DFBB500ED678D /* Devgram */,
			);
			name = Devgram;
			packageProductDependencies = (
			);
			productName = Devgram;
			productReference = 115CE5BB2D1DFBB500ED678D /* Devgram.app */;
			productType = "com.apple.product-type.application";
		};
/* End PBXNativeTarget section */

/* Begin PBXProject section */
		115CE5B32D1DFBB500ED678D /* Project object */ = {
			isa = PBXProject;
			attributes = {
				BuildIndependentTargetsInParallel = 1;
				LastSwiftUpdateCheck = 1600;
				LastUpgradeCheck = 1600;
				TargetAttributes = {
					1140C2342D26E39F00E707CE = {
						CreatedOnToolsVersion = 16.0;
						TestTargetID = 115CE5BA2D1DFBB500ED678D;
					};
					1140C3262D273BE800E707CE = {
						CreatedOnToolsVersion = 16.0;
						TestTargetID = 115CE5BA2D1DFBB500ED678D;
					};
					115CE5BA2D1DFBB500ED678D = {
						CreatedOnToolsVersion = 16.0;
					};
				};
			};
			buildConfigurationList = 115CE5B62D1DFBB500ED678D /* Build configuration list for PBXProject "Devgram" */;
			developmentRegion = en;
			hasScannedForEncodings = 0;
			knownRegions = (
				en,
				Base,
			);
			mainGroup = 115CE5B22D1DFBB500ED678D;
			minimizedProjectReferenceProxies = 1;
			preferredProjectObjectVersion = 77;
			productRefGroup = 115CE5BC2D1DFBB500ED678D /* Products */;
			projectDirPath = "";
			projectRoot = "";
			targets = (
				115CE5BA2D1DFBB500ED678D /* Devgram */,
				1140C2342D26E39F00E707CE /* DevgramTests */,
				1140C3262D273BE800E707CE /* DevgramUITests */,
			);
		};
/* End PBXProject section */

/* Begin PBXResourcesBuildPhase section */
		1140C2332D26E39F00E707CE /* Resources */ = {
			isa = PBXResourcesBuildPhase;
			buildActionMask = 2147483647;
			files = (
			);
			runOnlyForDeploymentPostprocessing = 0;
		};
		1140C3252D273BE800E707CE /* Resources */ = {
			isa = PBXResourcesBuildPhase;
			buildActionMask = 2147483647;
			files = (
			);
			runOnlyForDeploymentPostprocessing = 0;
		};
		115CE5B92D1DFBB500ED678D /* Resources */ = {
			isa = PBXResourcesBuildPhase;
			buildActionMask = 2147483647;
			files = (
			);
			runOnlyForDeploymentPostprocessing = 0;
		};
/* End PBXResourcesBuildPhase section */

/* Begin PBXSourcesBuildPhase section */
		1140C2312D26E39F00E707CE /* Sources */ = {
			isa = PBXSourcesBuildPhase;
			buildActionMask = 2147483647;
			files = (
			);
			runOnlyForDeploymentPostprocessing = 0;
		};
		1140C3232D273BE800E707CE /* Sources */ = {
			isa = PBXSourcesBuildPhase;
			buildActionMask = 2147483647;
			files = (
			);
			runOnlyForDeploymentPostprocessing = 0;
		};
		115CE5B72D1DFBB500ED678D /* Sources */ = {
			isa = PBXSourcesBuildPhase;
			buildActionMask = 2147483647;
			files = (
				115CE5FD2D1E099000ED678D /* Notes in Sources */,
			);
			runOnlyForDeploymentPostprocessing = 0;
		};
/* End PBXSourcesBuildPhase section */

/* Begin PBXTargetDependency section */
		1140C23A2D26E39F00E707CE /* PBXTargetDependency */ = {
			isa = PBXTargetDependency;
			target = 115CE5BA2D1DFBB500ED678D /* Devgram */;
			targetProxy = 1140C2392D26E39F00E707CE /* PBXContainerItemProxy */;
		};
		1140C32E2D273BE800E707CE /* PBXTargetDependency */ = {
			isa = PBXTargetDependency;
			target = 115CE5BA2D1DFBB500ED678D /* Devgram */;
			targetProxy = 1140C32D2D273BE800E707CE /* PBXContainerItemProxy */;
		};
/* End PBXTargetDependency section */

/* Begin XCBuildConfiguration section */
		1140C23B2D26E39F00E707CE /* Debug */ = {
			isa = XCBuildConfiguration;
			buildSettings = {
				BUNDLE_LOADER = "$(TEST_HOST)";
				CODE_SIGN_STYLE = Automatic;
				CURRENT_PROJECT_VERSION = 1;
				GENERATE_INFOPLIST_FILE = YES;
				MARKETING_VERSION = 1.0;
				PRODUCT_BUNDLE_IDENTIFIER = com.devpods.devgram.DevgramTests;
				PRODUCT_NAME = "$(TARGET_NAME)";
				SWIFT_EMIT_LOC_STRINGS = NO;
				SWIFT_VERSION = 5.0;
				TARGETED_DEVICE_FAMILY = "1,2";
				TEST_HOST = "$(BUILT_PRODUCTS_DIR)/Devgram.app/$(BUNDLE_EXECUTABLE_FOLDER_PATH)/Devgram";
			};
			name = Debug;
		};
		1140C23C2D26E39F00E707CE /* Release */ = {
			isa = XCBuildConfiguration;
			buildSettings = {
				BUNDLE_LOADER = "$(TEST_HOST)";
				CODE_SIGN_STYLE = Automatic;
				CURRENT_PROJECT_VERSION = 1;
				GENERATE_INFOPLIST_FILE = YES;
				MARKETING_VERSION = 1.0;
				PRODUCT_BUNDLE_IDENTIFIER = com.devpods.devgram.DevgramTests;
				PRODUCT_NAME = "$(TARGET_NAME)";
				SWIFT_EMIT_LOC_STRINGS = NO;
				SWIFT_VERSION = 5.0;
				TARGETED_DEVICE_FAMILY = "1,2";
				TEST_HOST = "$(BUILT_PRODUCTS_DIR)/Devgram.app/$(BUNDLE_EXECUTABLE_FOLDER_PATH)/Devgram";
			};
			name = Release;
		};
		1140C32F2D273BE800E707CE /* Debug */ = {
			isa = XCBuildConfiguration;
			buildSettings = {
				CODE_SIGN_STYLE = Automatic;
				CURRENT_PROJECT_VERSION = 1;
				GENERATE_INFOPLIST_FILE = YES;
				MARKETING_VERSION = 1.0;
				PRODUCT_BUNDLE_IDENTIFIER = com.devpods.devgram.DevgramUITests;
				PRODUCT_NAME = "$(TARGET_NAME)";
				SWIFT_EMIT_LOC_STRINGS = NO;
				SWIFT_VERSION = 5.0;
				TARGETED_DEVICE_FAMILY = "1,2";
				TEST_TARGET_NAME = Devgram;
			};
			name = Debug;
		};
		1140C3302D273BE800E707CE /* Release */ = {
			isa = XCBuildConfiguration;
			buildSettings = {
				CODE_SIGN_STYLE = Automatic;
				CURRENT_PROJECT_VERSION = 1;
				GENERATE_INFOPLIST_FILE = YES;
				MARKETING_VERSION = 1.0;
				PRODUCT_BUNDLE_IDENTIFIER = com.devpods.devgram.DevgramUITests;
				PRODUCT_NAME = "$(TARGET_NAME)";
				SWIFT_EMIT_LOC_STRINGS = NO;
				SWIFT_VERSION = 5.0;
				TARGETED_DEVICE_FAMILY = "1,2";
				TEST_TARGET_NAME = Devgram;
			};
			name = Release;
		};
		115CE5C72D1DFBB700ED678D /* Debug */ = {
			isa = XCBuildConfiguration;
			buildSettings = {
				ALWAYS_SEARCH_USER_PATHS = NO;
				ASSETCATALOG_COMPILER_GENERATE_SWIFT_ASSET_SYMBOL_EXTENSIONS = YES;
				CLANG_ANALYZER_NONNULL = YES;
				CLANG_ANALYZER_NUMBER_OBJECT_CONVERSION = YES_AGGRESSIVE;
				CLANG_CXX_LANGUAGE_STANDARD = "gnu++20";
				CLANG_ENABLE_MODULES = YES;
				CLANG_ENABLE_OBJC_ARC = YES;
				CLANG_ENABLE_OBJC_WEAK = YES;
				CLANG_WARN_BLOCK_CAPTURE_AUTORELEASING = YES;
				CLANG_WARN_BOOL_CONVERSION = YES;
				CLANG_WARN_COMMA = YES;
				CLANG_WARN_CONSTANT_CONVERSION = YES;
				CLANG_WARN_DEPRECATED_OBJC_IMPLEMENTATIONS = YES;
				CLANG_WARN_DIRECT_OBJC_ISA_USAGE = YES_ERROR;
				CLANG_WARN_DOCUMENTATION_COMMENTS = YES;
				CLANG_WARN_EMPTY_BODY = YES;
				CLANG_WARN_ENUM_CONVERSION = YES;
				CLANG_WARN_INFINITE_RECURSION = YES;
				CLANG_WARN_INT_CONVERSION = YES;
				CLANG_WARN_NON_LITERAL_NULL_CONVERSION = YES;
				CLANG_WARN_OBJC_IMPLICIT_RETAIN_SELF = YES;
				CLANG_WARN_OBJC_LITERAL_CONVERSION = YES;
				CLANG_WARN_OBJC_ROOT_CLASS = YES_ERROR;
				CLANG_WARN_QUOTED_INCLUDE_IN_FRAMEWORK_HEADER = YES;
				CLANG_WARN_RANGE_LOOP_ANALYSIS = YES;
				CLANG_WARN_STRICT_PROTOTYPES = YES;
				CLANG_WARN_SUSPICIOUS_MOVE = YES;
				CLANG_WARN_UNGUARDED_AVAILABILITY = YES_AGGRESSIVE;
				CLANG_WARN_UNREACHABLE_CODE = YES;
				CLANG_WARN__DUPLICATE_METHOD_MATCH = YES;
				COPY_PHASE_STRIP = NO;
				DEBUG_INFORMATION_FORMAT = dwarf;
				ENABLE_STRICT_OBJC_MSGSEND = YES;
				ENABLE_TESTABILITY = YES;
				ENABLE_USER_SCRIPT_SANDBOXING = YES;
				GCC_C_LANGUAGE_STANDARD = gnu17;
				GCC_DYNAMIC_NO_PIC = NO;
				GCC_NO_COMMON_BLOCKS = YES;
				GCC_OPTIMIZATION_LEVEL = 0;
				GCC_PREPROCESSOR_DEFINITIONS = (
					"DEBUG=1",
					"$(inherited)",
				);
				GCC_WARN_64_TO_32_BIT_CONVERSION = YES;
				GCC_WARN_ABOUT_RETURN_TYPE = YES_ERROR;
				GCC_WARN_UNDECLARED_SELECTOR = YES;
				GCC_WARN_UNINITIALIZED_AUTOS = YES_AGGRESSIVE;
				GCC_WARN_UNUSED_FUNCTION = YES;
				GCC_WARN_UNUSED_VARIABLE = YES;
				IPHONEOS_DEPLOYMENT_TARGET = 18.0;
				LOCALIZATION_PREFERS_STRING_CATALOGS = YES;
				MTL_ENABLE_DEBUG_INFO = INCLUDE_SOURCE;
				MTL_FAST_MATH = YES;
				ONLY_ACTIVE_ARCH = YES;
				SDKROOT = iphoneos;
				SWIFT_ACTIVE_COMPILATION_CONDITIONS = "DEBUG $(inherited)";
				SWIFT_OPTIMIZATION_LEVEL = "-Onone";
			};
			name = Debug;
		};
		115CE5C82D1DFBB700ED678D /* Release */ = {
			isa = XCBuildConfiguration;
			buildSettings = {
				ALWAYS_SEARCH_USER_PATHS = NO;
				ASSETCATALOG_COMPILER_GENERATE_SWIFT_ASSET_SYMBOL_EXTENSIONS = YES;
				CLANG_ANALYZER_NONNULL = YES;
				CLANG_ANALYZER_NUMBER_OBJECT_CONVERSION = YES_AGGRESSIVE;
				CLANG_CXX_LANGUAGE_STANDARD = "gnu++20";
				CLANG_ENABLE_MODULES = YES;
				CLANG_ENABLE_OBJC_ARC = YES;
				CLANG_ENABLE_OBJC_WEAK = YES;
				CLANG_WARN_BLOCK_CAPTURE_AUTORELEASING = YES;
				CLANG_WARN_BOOL_CONVERSION = YES;
				CLANG_WARN_COMMA = YES;
				CLANG_WARN_CONSTANT_CONVERSION = YES;
				CLANG_WARN_DEPRECATED_OBJC_IMPLEMENTATIONS = YES;
				CLANG_WARN_DIRECT_OBJC_ISA_USAGE = YES_ERROR;
				CLANG_WARN_DOCUMENTATION_COMMENTS = YES;
				CLANG_WARN_EMPTY_BODY = YES;
				CLANG_WARN_ENUM_CONVERSION = YES;
				CLANG_WARN_INFINITE_RECURSION = YES;
				CLANG_WARN_INT_CONVERSION = YES;
				CLANG_WARN_NON_LITERAL_NULL_CONVERSION = YES;
				CLANG_WARN_OBJC_IMPLICIT_RETAIN_SELF = YES;
				CLANG_WARN_OBJC_LITERAL_CONVERSION = YES;
				CLANG_WARN_OBJC_ROOT_CLASS = YES_ERROR;
				CLANG_WARN_QUOTED_INCLUDE_IN_FRAMEWORK_HEADER = YES;
				CLANG_WARN_RANGE_LOOP_ANALYSIS = YES;
				CLANG_WARN_STRICT_PROTOTYPES = YES;
				CLANG_WARN_SUSPICIOUS_MOVE = YES;
				CLANG_WARN_UNGUARDED_AVAILABILITY = YES_AGGRESSIVE;
				CLANG_WARN_UNREACHABLE_CODE = YES;
				CLANG_WARN__DUPLICATE_METHOD_MATCH = YES;
				COPY_PHASE_STRIP = NO;
				DEBUG_INFORMATION_FORMAT = "dwarf-with-dsym";
				ENABLE_NS_ASSERTIONS = NO;
				ENABLE_STRICT_OBJC_MSGSEND = YES;
				ENABLE_USER_SCRIPT_SANDBOXING = YES;
				GCC_C_LANGUAGE_STANDARD = gnu17;
				GCC_NO_COMMON_BLOCKS = YES;
				GCC_WARN_64_TO_32_BIT_CONVERSION = YES;
				GCC_WARN_ABOUT_RETURN_TYPE = YES_ERROR;
				GCC_WARN_UNDECLARED_SELECTOR = YES;
				GCC_WARN_UNINITIALIZED_AUTOS = YES_AGGRESSIVE;
				GCC_WARN_UNUSED_FUNCTION = YES;
				GCC_WARN_UNUSED_VARIABLE = YES;
				IPHONEOS_DEPLOYMENT_TARGET = 18.0;
				LOCALIZATION_PREFERS_STRING_CATALOGS = YES;
				MTL_ENABLE_DEBUG_INFO = NO;
				MTL_FAST_MATH = YES;
				SDKROOT = iphoneos;
				SWIFT_COMPILATION_MODE = wholemodule;
				VALIDATE_PRODUCT = YES;
			};
			name = Release;
		};
		115CE5CA2D1DFBB700ED678D /* Debug */ = {
			isa = XCBuildConfiguration;
			buildSettings = {
				ASSETCATALOG_COMPILER_APPICON_NAME = AppIcon;
				ASSETCATALOG_COMPILER_GLOBAL_ACCENT_COLOR_NAME = AccentColor;
				CODE_SIGN_STYLE = Automatic;
				CURRENT_PROJECT_VERSION = 1;
				DEVELOPMENT_ASSET_PATHS = "";
				ENABLE_PREVIEWS = YES;
				GENERATE_INFOPLIST_FILE = YES;
				INFOPLIST_KEY_UIApplicationSceneManifest_Generation = YES;
				INFOPLIST_KEY_UIApplicationSupportsIndirectInputEvents = YES;
				INFOPLIST_KEY_UILaunchScreen_Generation = YES;
				INFOPLIST_KEY_UISupportedInterfaceOrientations = UIInterfaceOrientationPortrait;
				IPHONEOS_DEPLOYMENT_TARGET = 17.6;
				LD_RUNPATH_SEARCH_PATHS = (
					"$(inherited)",
					"@executable_path/Frameworks",
				);
				MARKETING_VERSION = 1.0;
				PRODUCT_BUNDLE_IDENTIFIER = com.devpods.devgram.Devgram;
				PRODUCT_NAME = "$(TARGET_NAME)";
				SWIFT_EMIT_LOC_STRINGS = YES;
				SWIFT_VERSION = 5.0;
				TARGETED_DEVICE_FAMILY = "1,2";
			};
			name = Debug;
		};
		115CE5CB2D1DFBB700ED678D /* Release */ = {
			isa = XCBuildConfiguration;
			buildSettings = {
				ASSETCATALOG_COMPILER_APPICON_NAME = AppIcon;
				ASSETCATALOG_COMPILER_GLOBAL_ACCENT_COLOR_NAME = AccentColor;
				CODE_SIGN_STYLE = Automatic;
				CURRENT_PROJECT_VERSION = 1;
				DEVELOPMENT_ASSET_PATHS = "";
				ENABLE_PREVIEWS = YES;
				GENERATE_INFOPLIST_FILE = YES;
				INFOPLIST_KEY_UIApplicationSceneManifest_Generation = YES;
				INFOPLIST_KEY_UIApplicationSupportsIndirectInputEvents = YES;
				INFOPLIST_KEY_UILaunchScreen_Generation = YES;
				INFOPLIST_KEY_UISupportedInterfaceOrientations = UIInterfaceOrientationPortrait;
				IPHONEOS_DEPLOYMENT_TARGET = 17.6;
				LD_RUNPATH_SEARCH_PATHS = (
					"$(inherited)",
					"@executable_path/Frameworks",
				);
				MARKETING_VERSION = 1.0;
				PRODUCT_BUNDLE_IDENTIFIER = com.devpods.devgram.Devgram;
				PRODUCT_NAME = "$(TARGET_NAME)";
				SWIFT_EMIT_LOC_STRINGS = YES;
				SWIFT_VERSION = 5.0;
				TARGETED_DEVICE_FAMILY = "1,2";
			};
			name = Release;
		};
/* End XCBuildConfiguration section */

/* Begin XCConfigurationList section */
		1140C23D2D26E39F00E707CE /* Build configuration list for PBXNativeTarget "DevgramTests" */ = {
			isa = XCConfigurationList;
			buildConfigurations = (
				1140C23B2D26E39F00E707CE /* Debug */,
				1140C23C2D26E39F00E707CE /* Release */,
			);
			defaultConfigurationIsVisible = 0;
			defaultConfigurationName = Release;
		};
		1140C3312D273BE800E707CE /* Build configuration list for PBXNativeTarget "DevgramUITests" */ = {
			isa = XCConfigurationList;
			buildConfigurations = (
				1140C32F2D273BE800E707CE /* Debug */,
				1140C3302D273BE800E707CE /* Release */,
			);
			defaultConfigurationIsVisible = 0;
			defaultConfigurationName = Release;
		};
		115CE5B62D1DFBB500ED678D /* Build configuration list for PBXProject "Devgram" */ = {
			isa = XCConfigurationList;
			buildConfigurations = (
				115CE5C72D1DFBB700ED678D /* Debug */,
				115CE5C82D1DFBB700ED678D /* Release */,
			);
			defaultConfigurationIsVisible = 0;
			defaultConfigurationName = Release;
		};
		115CE5C92D1DFBB700ED678D /* Build configuration list for PBXNativeTarget "Devgram" */ = {
			isa = XCConfigurationList;
			buildConfigurations = (
				115CE5CA2D1DFBB700ED678D /* Debug */,
				115CE5CB2D1DFBB700ED678D /* Release */,
			);
			defaultConfigurationIsVisible = 0;
			defaultConfigurationName = Release;
		};
/* End XCConfigurationList section */
	};
	rootObject = 115CE5B32D1DFBB500ED678D /* Project object */;
}
